// !$*UTF8*$!
{
	archiveVersion = 1;
	classes = {
	};
	objectVersion = 77;
	objects = {

/* Begin PBXBuildFile section */
		CE110C9A2ED0EAD1001D804B /* Assets.xcassets in Resources */ = {isa = PBXBuildFile; fileRef = CE110C962ED0EAD1001D804B /* Assets.xcassets */; };
		CE110C9B2ED0EAD1001D804B /* ContentView.swift in Sources */ = {isa = PBXBuildFile; fileRef = CE110C972ED0EAD1001D804B /* ContentView.swift */; };
		CE110C9C2ED0EAD1001D804B /* InspireApp.swift in Sources */ = {isa = PBXBuildFile; fileRef = CE110C982ED0EAD1001D804B /* InspireApp.swift */; };
		CE110CA02ED0EAF5001D804B /* Color+RGB.swift in Sources */ = {isa = PBXBuildFile; fileRef = CE110C9F2ED0EAEB001D804B /* Color+RGB.swift */; };
		CE110CB12ED0F663001D804B /* ProximaNova-Regular.ttf in Resources */ = {isa = PBXBuildFile; fileRef = CE110CAF2ED0F663001D804B /* ProximaNova-Regular.ttf */; };
		CE110CB32ED0F663001D804B /* ProximaNova-Bold.ttf in Resources */ = {isa = PBXBuildFile; fileRef = CE110CAD2ED0F663001D804B /* ProximaNova-Bold.ttf */; };
		CE110CB42ED0F663001D804B /* ProximaNova-Semibold.ttf in Resources */ = {isa = PBXBuildFile; fileRef = CE110CB02ED0F663001D804B /* ProximaNova-Semibold.ttf */; };
		CE110CB82ED0F6E4001D804B /* PlusJakartaSans-Medium.ttf in Resources */ = {isa = PBXBuildFile; fileRef = CE110CB62ED0F6E4001D804B /* PlusJakartaSans-Medium.ttf */; };
		CE110CB92ED0F6E4001D804B /* PlusJakartaSans-SemiBold.ttf in Resources */ = {isa = PBXBuildFile; fileRef = CE110CB72ED0F6E4001D804B /* PlusJakartaSans-SemiBold.ttf */; };
		CE110CBA2ED0F6E4001D804B /* PlusJakartaSans-Light.ttf in Resources */ = {isa = PBXBuildFile; fileRef = CE110CB52ED0F6E4001D804B /* PlusJakartaSans-Light.ttf */; };
		CE110CBC2ED0F7BF001D804B /* Fonts.swift in Sources */ = {isa = PBXBuildFile; fileRef = CE110CBB2ED0F7BD001D804B /* Fonts.swift */; };
		CE110CBE2ED1037E001D804B /* ColorStyles.swift in Sources */ = {isa = PBXBuildFile; fileRef = CE110CBD2ED10378001D804B /* ColorStyles.swift */; };
		CE110CC02ED1068C001D804B /* AppTheme.swift in Sources */ = {isa = PBXBuildFile; fileRef = CE110CBF2ED10689001D804B /* AppTheme.swift */; };
		CE110CC32ED10FAA001D804B /* Space.swift in Sources */ = {isa = PBXBuildFile; fileRef = CE110CC22ED10FA8001D804B /* Space.swift */; };
		CE110CC52ED1153A001D804B /* AppThemeEviroment.swift in Sources */ = {isa = PBXBuildFile; fileRef = CE110CC42ED11532001D804B /* AppThemeEviroment.swift */; };
/* End PBXBuildFile section */

/* Begin PBXContainerItemProxy section */
		CE110C742ED0EA50001D804B /* PBXContainerItemProxy */ = {
			isa = PBXContainerItemProxy;
			containerPortal = CE110C5E2ED0EA4A001D804B /* Project object */;
			proxyType = 1;
			remoteGlobalIDString = CE110C652ED0EA4A001D804B;
			remoteInfo = Inspire;
		};
		CE110C7E2ED0EA50001D804B /* PBXContainerItemProxy */ = {
			isa = PBXContainerItemProxy;
			containerPortal = CE110C5E2ED0EA4A001D804B /* Project object */;
			proxyType = 1;
			remoteGlobalIDString = CE110C652ED0EA4A001D804B;
			remoteInfo = Inspire;
		};
/* End PBXContainerItemProxy section */

/* Begin PBXFileReference section */
		CE110C662ED0EA4A001D804B /* Inspire.app */ = {isa = PBXFileReference; explicitFileType = wrapper.application; includeInIndex = 0; path = Inspire.app; sourceTree = BUILT_PRODUCTS_DIR; };
		CE110C732ED0EA50001D804B /* InspireTests.xctest */ = {isa = PBXFileReference; explicitFileType = wrapper.cfbundle; includeInIndex = 0; path = InspireTests.xctest; sourceTree = BUILT_PRODUCTS_DIR; };
		CE110C7D2ED0EA50001D804B /* InspireUITests.xctest */ = {isa = PBXFileReference; explicitFileType = wrapper.cfbundle; includeInIndex = 0; path = InspireUITests.xctest; sourceTree = BUILT_PRODUCTS_DIR; };
		CE110C962ED0EAD1001D804B /* Assets.xcassets */ = {isa = PBXFileReference; lastKnownFileType = folder.assetcatalog; path = Assets.xcassets; sourceTree = "<group>"; };
		CE110C972ED0EAD1001D804B /* ContentView.swift */ = {isa = PBXFileReference; lastKnownFileType = sourcecode.swift; path = ContentView.swift; sourceTree = "<group>"; };
		CE110C982ED0EAD1001D804B /* InspireApp.swift */ = {isa = PBXFileReference; lastKnownFileType = sourcecode.swift; path = InspireApp.swift; sourceTree = "<group>"; };
		CE110C9F2ED0EAEB001D804B /* Color+RGB.swift */ = {isa = PBXFileReference; lastKnownFileType = sourcecode.swift; path = "Color+RGB.swift"; sourceTree = "<group>"; };
		CE110CAC2ED0F4F9001D804B /* Info.plist */ = {isa = PBXFileReference; lastKnownFileType = text.plist; path = Info.plist; sourceTree = "<group>"; };
		CE110CAD2ED0F663001D804B /* ProximaNova-Bold.ttf */ = {isa = PBXFileReference; lastKnownFileType = file; path = "ProximaNova-Bold.ttf"; sourceTree = "<group>"; };
		CE110CAF2ED0F663001D804B /* ProximaNova-Regular.ttf */ = {isa = PBXFileReference; lastKnownFileType = file; path = "ProximaNova-Regular.ttf"; sourceTree = "<group>"; };
		CE110CB02ED0F663001D804B /* ProximaNova-Semibold.ttf */ = {isa = PBXFileReference; lastKnownFileType = file; path = "ProximaNova-Semibold.ttf"; sourceTree = "<group>"; };
		CE110CB52ED0F6E4001D804B /* PlusJakartaSans-Light.ttf */ = {isa = PBXFileReference; lastKnownFileType = file; path = "PlusJakartaSans-Light.ttf"; sourceTree = "<group>"; };
		CE110CB62ED0F6E4001D804B /* PlusJakartaSans-Medium.ttf */ = {isa = PBXFileReference; lastKnownFileType = file; path = "PlusJakartaSans-Medium.ttf"; sourceTree = "<group>"; };
		CE110CB72ED0F6E4001D804B /* PlusJakartaSans-SemiBold.ttf */ = {isa = PBXFileReference; lastKnownFileType = file; path = "PlusJakartaSans-SemiBold.ttf"; sourceTree = "<group>"; };
		CE110CBB2ED0F7BD001D804B /* Fonts.swift */ = {isa = PBXFileReference; lastKnownFileType = sourcecode.swift; path = Fonts.swift; sourceTree = "<group>"; };
		CE110CBD2ED10378001D804B /* ColorStyles.swift */ = {isa = PBXFileReference; lastKnownFileType = sourcecode.swift; path = ColorStyles.swift; sourceTree = "<group>"; };
		CE110CBF2ED10689001D804B /* AppTheme.swift */ = {isa = PBXFileReference; lastKnownFileType = sourcecode.swift; path = AppTheme.swift; sourceTree = "<group>"; };
		CE110CC22ED10FA8001D804B /* Space.swift */ = {isa = PBXFileReference; lastKnownFileType = sourcecode.swift; path = Space.swift; sourceTree = "<group>"; };
		CE110CC42ED11532001D804B /* AppThemeEviroment.swift */ = {isa = PBXFileReference; lastKnownFileType = sourcecode.swift; path = AppThemeEviroment.swift; sourceTree = "<group>"; };
/* End PBXFileReference section */

/* Begin PBXFileSystemSynchronizedRootGroup section */
		CE110C762ED0EA50001D804B /* InspireTests */ = {
			isa = PBXFileSystemSynchronizedRootGroup;
			path = InspireTests;
			sourceTree = "<group>";
		};
		CE110C802ED0EA50001D804B /* InspireUITests */ = {
			isa = PBXFileSystemSynchronizedRootGroup;
			path = InspireUITests;
			sourceTree = "<group>";
		};
/* End PBXFileSystemSynchronizedRootGroup section */

/* Begin PBXFrameworksBuildPhase section */
		CE110C632ED0EA4A001D804B /* Frameworks */ = {
			isa = PBXFrameworksBuildPhase;
			buildActionMask = 2147483647;
			files = (
			);
			runOnlyForDeploymentPostprocessing = 0;
		};
		CE110C702ED0EA50001D804B /* Frameworks */ = {
			isa = PBXFrameworksBuildPhase;
			buildActionMask = 2147483647;
			files = (
			);
			runOnlyForDeploymentPostprocessing = 0;
		};
		CE110C7A2ED0EA50001D804B /* Frameworks */ = {
			isa = PBXFrameworksBuildPhase;
			buildActionMask = 2147483647;
			files = (
			);
			runOnlyForDeploymentPostprocessing = 0;
		};
/* End PBXFrameworksBuildPhase section */

/* Begin PBXGroup section */
		CE110C5D2ED0EA4A001D804B = {
			isa = PBXGroup;
			children = (
				CE110C992ED0EAD1001D804B /* Inspire */,
				CE110C762ED0EA50001D804B /* InspireTests */,
				CE110C802ED0EA50001D804B /* InspireUITests */,
				CE110C672ED0EA4A001D804B /* Products */,
			);
			sourceTree = "<group>";
		};
		CE110C672ED0EA4A001D804B /* Products */ = {
			isa = PBXGroup;
			children = (
				CE110C662ED0EA4A001D804B /* Inspire.app */,
				CE110C732ED0EA50001D804B /* InspireTests.xctest */,
				CE110C7D2ED0EA50001D804B /* InspireUITests.xctest */,
			);
			name = Products;
			sourceTree = "<group>";
		};
		CE110C992ED0EAD1001D804B /* Inspire */ = {
			isa = PBXGroup;
			children = (
				CE110CAC2ED0F4F9001D804B /* Info.plist */,
				CE110CA52ED0EB82001D804B /* StyleGuide */,
				CE110CA42ED0EB43001D804B /* App */,
				CE110C9D2ED0EAD8001D804B /* Helpers */,
				CE110CA12ED0EB2A001D804B /* Views */,
				CE110CA22ED0EB35001D804B /* Resources */,
			);
			path = Inspire;
			sourceTree = "<group>";
		};
		CE110C9D2ED0EAD8001D804B /* Helpers */ = {
			isa = PBXGroup;
			children = (
				CE110C9E2ED0EAE4001D804B /* Extensions */,
			);
			path = Helpers;
			sourceTree = "<group>";
		};
		CE110C9E2ED0EAE4001D804B /* Extensions */ = {
			isa = PBXGroup;
			children = (
				CE110C9F2ED0EAEB001D804B /* Color+RGB.swift */,
			);
			path = Extensions;
			sourceTree = "<group>";
		};
		CE110CA12ED0EB2A001D804B /* Views */ = {
			isa = PBXGroup;
			children = (
				CE110C972ED0EAD1001D804B /* ContentView.swift */,
			);
			path = Views;
			sourceTree = "<group>";
		};
		CE110CA22ED0EB35001D804B /* Resources */ = {
			isa = PBXGroup;
			children = (
				CE110CA92ED0F4CF001D804B /* Font */,
				CE110C962ED0EAD1001D804B /* Assets.xcassets */,
			);
			path = Resources;
			sourceTree = "<group>";
		};
		CE110CA42ED0EB43001D804B /* App */ = {
			isa = PBXGroup;
			children = (
				CE110C982ED0EAD1001D804B /* InspireApp.swift */,
			);
			path = App;
			sourceTree = "<group>";
		};
		CE110CA52ED0EB82001D804B /* StyleGuide */ = {
			isa = PBXGroup;
			children = (
				CE110CA82ED0F48F001D804B /* AppTheme */,
				CE110CA72ED0EB9B001D804B /* Colors */,
				CE110CA62ED0EB92001D804B /* Fonts */,
				CE110CC12ED10F95001D804B /* Space */,
			);
			path = StyleGuide;
			sourceTree = "<group>";
		};
		CE110CA62ED0EB92001D804B /* Fonts */ = {
			isa = PBXGroup;
			children = (
				CE110CBB2ED0F7BD001D804B /* Fonts.swift */,
			);
			path = Fonts;
			sourceTree = "<group>";
		};
		CE110CA72ED0EB9B001D804B /* Colors */ = {
			isa = PBXGroup;
			children = (
				CE110CBD2ED10378001D804B /* ColorStyles.swift */,
			);
			path = Colors;
			sourceTree = "<group>";
		};
		CE110CA82ED0F48F001D804B /* AppTheme */ = {
			isa = PBXGroup;
			children = (
				CE110CBF2ED10689001D804B /* AppTheme.swift */,
				CE110CC42ED11532001D804B /* AppThemeEviroment.swift */,
			);
			path = AppTheme;
			sourceTree = "<group>";
		};
		CE110CA92ED0F4CF001D804B /* Font */ = {
			isa = PBXGroup;
			children = (
				CE110CAD2ED0F663001D804B /* ProximaNova-Bold.ttf */,
				CE110CAF2ED0F663001D804B /* ProximaNova-Regular.ttf */,
				CE110CB02ED0F663001D804B /* ProximaNova-Semibold.ttf */,
				CE110CB52ED0F6E4001D804B /* PlusJakartaSans-Light.ttf */,
				CE110CB62ED0F6E4001D804B /* PlusJakartaSans-Medium.ttf */,
				CE110CB72ED0F6E4001D804B /* PlusJakartaSans-SemiBold.ttf */,
			);
			path = Font;
			sourceTree = "<group>";
		};
		CE110CC12ED10F95001D804B /* Space */ = {
			isa = PBXGroup;
			children = (
				CE110CC22ED10FA8001D804B /* Space.swift */,
			);
			path = Space;
			sourceTree = "<group>";
		};
/* End PBXGroup section */

/* Begin PBXNativeTarget section */
		CE110C652ED0EA4A001D804B /* Inspire */ = {
			isa = PBXNativeTarget;
			buildConfigurationList = CE110C872ED0EA50001D804B /* Build configuration list for PBXNativeTarget "Inspire" */;
			buildPhases = (
				CE110C622ED0EA4A001D804B /* Sources */,
				CE110C632ED0EA4A001D804B /* Frameworks */,
				CE110C642ED0EA4A001D804B /* Resources */,
			);
			buildRules = (
			);
			dependencies = (
			);
			name = Inspire;
			packageProductDependencies = (
			);
			productName = Inspire;
			productReference = CE110C662ED0EA4A001D804B /* Inspire.app */;
			productType = "com.apple.product-type.application";
		};
		CE110C722ED0EA50001D804B /* InspireTests */ = {
			isa = PBXNativeTarget;
			buildConfigurationList = CE110C8A2ED0EA50001D804B /* Build configuration list for PBXNativeTarget "InspireTests" */;
			buildPhases = (
				CE110C6F2ED0EA50001D804B /* Sources */,
				CE110C702ED0EA50001D804B /* Frameworks */,
				CE110C712ED0EA50001D804B /* Resources */,
			);
			buildRules = (
			);
			dependencies = (
				CE110C752ED0EA50001D804B /* PBXTargetDependency */,
			);
			fileSystemSynchronizedGroups = (
				CE110C762ED0EA50001D804B /* InspireTests */,
			);
			name = InspireTests;
			packageProductDependencies = (
			);
			productName = InspireTests;
			productReference = CE110C732ED0EA50001D804B /* InspireTests.xctest */;
			productType = "com.apple.product-type.bundle.unit-test";
		};
		CE110C7C2ED0EA50001D804B /* InspireUITests */ = {
			isa = PBXNativeTarget;
			buildConfigurationList = CE110C8D2ED0EA50001D804B /* Build configuration list for PBXNativeTarget "InspireUITests" */;
			buildPhases = (
				CE110C792ED0EA50001D804B /* Sources */,
				CE110C7A2ED0EA50001D804B /* Frameworks */,
				CE110C7B2ED0EA50001D804B /* Resources */,
			);
			buildRules = (
			);
			dependencies = (
				CE110C7F2ED0EA50001D804B /* PBXTargetDependency */,
			);
			fileSystemSynchronizedGroups = (
				CE110C802ED0EA50001D804B /* InspireUITests */,
			);
			name = InspireUITests;
			packageProductDependencies = (
			);
			productName = InspireUITests;
			productReference = CE110C7D2ED0EA50001D804B /* InspireUITests.xctest */;
			productType = "com.apple.product-type.bundle.ui-testing";
		};
/* End PBXNativeTarget section */

/* Begin PBXProject section */
		CE110C5E2ED0EA4A001D804B /* Project object */ = {
			isa = PBXProject;
			attributes = {
				BuildIndependentTargetsInParallel = 1;
				LastSwiftUpdateCheck = 2600;
				LastUpgradeCheck = 2600;
				TargetAttributes = {
					CE110C652ED0EA4A001D804B = {
						CreatedOnToolsVersion = 26.0.1;
					};
					CE110C722ED0EA50001D804B = {
						CreatedOnToolsVersion = 26.0.1;
						TestTargetID = CE110C652ED0EA4A001D804B;
					};
					CE110C7C2ED0EA50001D804B = {
						CreatedOnToolsVersion = 26.0.1;
						TestTargetID = CE110C652ED0EA4A001D804B;
					};
				};
			};
			buildConfigurationList = CE110C612ED0EA4A001D804B /* Build configuration list for PBXProject "Inspire" */;
			developmentRegion = en;
			hasScannedForEncodings = 0;
			knownRegions = (
				en,
				Base,
			);
			mainGroup = CE110C5D2ED0EA4A001D804B;
			minimizedProjectReferenceProxies = 1;
			preferredProjectObjectVersion = 77;
			productRefGroup = CE110C672ED0EA4A001D804B /* Products */;
			projectDirPath = "";
			projectRoot = "";
			targets = (
				CE110C652ED0EA4A001D804B /* Inspire */,
				CE110C722ED0EA50001D804B /* InspireTests */,
				CE110C7C2ED0EA50001D804B /* InspireUITests */,
			);
		};
/* End PBXProject section */

/* Begin PBXResourcesBuildPhase section */
		CE110C642ED0EA4A001D804B /* Resources */ = {
			isa = PBXResourcesBuildPhase;
			buildActionMask = 2147483647;
			files = (
				CE110C9A2ED0EAD1001D804B /* Assets.xcassets in Resources */,
				CE110CB82ED0F6E4001D804B /* PlusJakartaSans-Medium.ttf in Resources */,
				CE110CB92ED0F6E4001D804B /* PlusJakartaSans-SemiBold.ttf in Resources */,
				CE110CBA2ED0F6E4001D804B /* PlusJakartaSans-Light.ttf in Resources */,
				CE110CB12ED0F663001D804B /* ProximaNova-Regular.ttf in Resources */,
				CE110CB32ED0F663001D804B /* ProximaNova-Bold.ttf in Resources */,
				CE110CB42ED0F663001D804B /* ProximaNova-Semibold.ttf in Resources */,
			);
			runOnlyForDeploymentPostprocessing = 0;
		};
		CE110C712ED0EA50001D804B /* Resources */ = {
			isa = PBXResourcesBuildPhase;
			buildActionMask = 2147483647;
			files = (
			);
			runOnlyForDeploymentPostprocessing = 0;
		};
		CE110C7B2ED0EA50001D804B /* Resources */ = {
			isa = PBXResourcesBuildPhase;
			buildActionMask = 2147483647;
			files = (
			);
			runOnlyForDeploymentPostprocessing = 0;
		};
/* End PBXResourcesBuildPhase section */

/* Begin PBXSourcesBuildPhase section */
		CE110C622ED0EA4A001D804B /* Sources */ = {
			isa = PBXSourcesBuildPhase;
			buildActionMask = 2147483647;
			files = (
				CE110CBC2ED0F7BF001D804B /* Fonts.swift in Sources */,
				CE110C9B2ED0EAD1001D804B /* ContentView.swift in Sources */,
				CE110CC32ED10FAA001D804B /* Space.swift in Sources */,
				CE110C9C2ED0EAD1001D804B /* InspireApp.swift in Sources */,
				CE110CC02ED1068C001D804B /* AppTheme.swift in Sources */,
				CE110CA02ED0EAF5001D804B /* Color+RGB.swift in Sources */,
				CE110CBE2ED1037E001D804B /* ColorStyles.swift in Sources */,
				CE110CC52ED1153A001D804B /* AppThemeEviroment.swift in Sources */,
			);
			runOnlyForDeploymentPostprocessing = 0;
		};
		CE110C6F2ED0EA50001D804B /* Sources */ = {
			isa = PBXSourcesBuildPhase;
			buildActionMask = 2147483647;
			files = (
			);
			runOnlyForDeploymentPostprocessing = 0;
		};
		CE110C792ED0EA50001D804B /* Sources */ = {
			isa = PBXSourcesBuildPhase;
			buildActionMask = 2147483647;
			files = (
			);
			runOnlyForDeploymentPostprocessing = 0;
		};
/* End PBXSourcesBuildPhase section */

/* Begin PBXTargetDependency section */
		CE110C752ED0EA50001D804B /* PBXTargetDependency */ = {
			isa = PBXTargetDependency;
			target = CE110C652ED0EA4A001D804B /* Inspire */;
			targetProxy = CE110C742ED0EA50001D804B /* PBXContainerItemProxy */;
		};
		CE110C7F2ED0EA50001D804B /* PBXTargetDependency */ = {
			isa = PBXTargetDependency;
			target = CE110C652ED0EA4A001D804B /* Inspire */;
			targetProxy = CE110C7E2ED0EA50001D804B /* PBXContainerItemProxy */;
		};
/* End PBXTargetDependency section */

/* Begin XCBuildConfiguration section */
		CE110C852ED0EA50001D804B /* Debug */ = {
			isa = XCBuildConfiguration;
			buildSettings = {
				ALWAYS_SEARCH_USER_PATHS = NO;
				ASSETCATALOG_COMPILER_GENERATE_SWIFT_ASSET_SYMBOL_EXTENSIONS = YES;
				CLANG_ANALYZER_NONNULL = YES;
				CLANG_ANALYZER_NUMBER_OBJECT_CONVERSION = YES_AGGRESSIVE;
				CLANG_CXX_LANGUAGE_STANDARD = "gnu++20";
				CLANG_ENABLE_MODULES = YES;
				CLANG_ENABLE_OBJC_ARC = YES;
				CLANG_ENABLE_OBJC_WEAK = YES;
				CLANG_WARN_BLOCK_CAPTURE_AUTORELEASING = YES;
				CLANG_WARN_BOOL_CONVERSION = YES;
				CLANG_WARN_COMMA = YES;
				CLANG_WARN_CONSTANT_CONVERSION = YES;
				CLANG_WARN_DEPRECATED_OBJC_IMPLEMENTATIONS = YES;
				CLANG_WARN_DIRECT_OBJC_ISA_USAGE = YES_ERROR;
				CLANG_WARN_DOCUMENTATION_COMMENTS = YES;
				CLANG_WARN_EMPTY_BODY = YES;
				CLANG_WARN_ENUM_CONVERSION = YES;
				CLANG_WARN_INFINITE_RECURSION = YES;
				CLANG_WARN_INT_CONVERSION = YES;
				CLANG_WARN_NON_LITERAL_NULL_CONVERSION = YES;
				CLANG_WARN_OBJC_IMPLICIT_RETAIN_SELF = YES;
				CLANG_WARN_OBJC_LITERAL_CONVERSION = YES;
				CLANG_WARN_OBJC_ROOT_CLASS = YES_ERROR;
				CLANG_WARN_QUOTED_INCLUDE_IN_FRAMEWORK_HEADER = YES;
				CLANG_WARN_RANGE_LOOP_ANALYSIS = YES;
				CLANG_WARN_STRICT_PROTOTYPES = YES;
				CLANG_WARN_SUSPICIOUS_MOVE = YES;
				CLANG_WARN_UNGUARDED_AVAILABILITY = YES_AGGRESSIVE;
				CLANG_WARN_UNREACHABLE_CODE = YES;
				CLANG_WARN__DUPLICATE_METHOD_MATCH = YES;
				COPY_PHASE_STRIP = NO;
				DEBUG_INFORMATION_FORMAT = dwarf;
				DEVELOPMENT_TEAM = 24Q9WM75S6;
				ENABLE_STRICT_OBJC_MSGSEND = YES;
				ENABLE_TESTABILITY = YES;
				ENABLE_USER_SCRIPT_SANDBOXING = YES;
				GCC_C_LANGUAGE_STANDARD = gnu17;
				GCC_DYNAMIC_NO_PIC = NO;
				GCC_NO_COMMON_BLOCKS = YES;
				GCC_OPTIMIZATION_LEVEL = 0;
				GCC_PREPROCESSOR_DEFINITIONS = (
					"DEBUG=1",
					"$(inherited)",
				);
				GCC_WARN_64_TO_32_BIT_CONVERSION = YES;
				GCC_WARN_ABOUT_RETURN_TYPE = YES_ERROR;
				GCC_WARN_UNDECLARED_SELECTOR = YES;
				GCC_WARN_UNINITIALIZED_AUTOS = YES_AGGRESSIVE;
				GCC_WARN_UNUSED_FUNCTION = YES;
				GCC_WARN_UNUSED_VARIABLE = YES;
				IPHONEOS_DEPLOYMENT_TARGET = 26.0;
				LOCALIZATION_PREFERS_STRING_CATALOGS = YES;
				MTL_ENABLE_DEBUG_INFO = INCLUDE_SOURCE;
				MTL_FAST_MATH = YES;
				ONLY_ACTIVE_ARCH = YES;
				SDKROOT = iphoneos;
				SWIFT_ACTIVE_COMPILATION_CONDITIONS = "DEBUG $(inherited)";
				SWIFT_OPTIMIZATION_LEVEL = "-Onone";
			};
			name = Debug;
		};
		CE110C862ED0EA50001D804B /* Release */ = {
			isa = XCBuildConfiguration;
			buildSettings = {
				ALWAYS_SEARCH_USER_PATHS = NO;
				ASSETCATALOG_COMPILER_GENERATE_SWIFT_ASSET_SYMBOL_EXTENSIONS = YES;
				CLANG_ANALYZER_NONNULL = YES;
				CLANG_ANALYZER_NUMBER_OBJECT_CONVERSION = YES_AGGRESSIVE;
				CLANG_CXX_LANGUAGE_STANDARD = "gnu++20";
				CLANG_ENABLE_MODULES = YES;
				CLANG_ENABLE_OBJC_ARC = YES;
				CLANG_ENABLE_OBJC_WEAK = YES;
				CLANG_WARN_BLOCK_CAPTURE_AUTORELEASING = YES;
				CLANG_WARN_BOOL_CONVERSION = YES;
				CLANG_WARN_COMMA = YES;
				CLANG_WARN_CONSTANT_CONVERSION = YES;
				CLANG_WARN_DEPRECATED_OBJC_IMPLEMENTATIONS = YES;
				CLANG_WARN_DIRECT_OBJC_ISA_USAGE = YES_ERROR;
				CLANG_WARN_DOCUMENTATION_COMMENTS = YES;
				CLANG_WARN_EMPTY_BODY = YES;
				CLANG_WARN_ENUM_CONVERSION = YES;
				CLANG_WARN_INFINITE_RECURSION = YES;
				CLANG_WARN_INT_CONVERSION = YES;
				CLANG_WARN_NON_LITERAL_NULL_CONVERSION = YES;
				CLANG_WARN_OBJC_IMPLICIT_RETAIN_SELF = YES;
				CLANG_WARN_OBJC_LITERAL_CONVERSION = YES;
				CLANG_WARN_OBJC_ROOT_CLASS = YES_ERROR;
				CLANG_WARN_QUOTED_INCLUDE_IN_FRAMEWORK_HEADER = YES;
				CLANG_WARN_RANGE_LOOP_ANALYSIS = YES;
				CLANG_WARN_STRICT_PROTOTYPES = YES;
				CLANG_WARN_SUSPICIOUS_MOVE = YES;
				CLANG_WARN_UNGUARDED_AVAILABILITY = YES_AGGRESSIVE;
				CLANG_WARN_UNREACHABLE_CODE = YES;
				CLANG_WARN__DUPLICATE_METHOD_MATCH = YES;
				COPY_PHASE_STRIP = NO;
				DEBUG_INFORMATION_FORMAT = "dwarf-with-dsym";
				DEVELOPMENT_TEAM = 24Q9WM75S6;
				ENABLE_NS_ASSERTIONS = NO;
				ENABLE_STRICT_OBJC_MSGSEND = YES;
				ENABLE_USER_SCRIPT_SANDBOXING = YES;
				GCC_C_LANGUAGE_STANDARD = gnu17;
				GCC_NO_COMMON_BLOCKS = YES;
				GCC_WARN_64_TO_32_BIT_CONVERSION = YES;
				GCC_WARN_ABOUT_RETURN_TYPE = YES_ERROR;
				GCC_WARN_UNDECLARED_SELECTOR = YES;
				GCC_WARN_UNINITIALIZED_AUTOS = YES_AGGRESSIVE;
				GCC_WARN_UNUSED_FUNCTION = YES;
				GCC_WARN_UNUSED_VARIABLE = YES;
				IPHONEOS_DEPLOYMENT_TARGET = 26.0;
				LOCALIZATION_PREFERS_STRING_CATALOGS = YES;
				MTL_ENABLE_DEBUG_INFO = NO;
				MTL_FAST_MATH = YES;
				SDKROOT = iphoneos;
				SWIFT_COMPILATION_MODE = wholemodule;
				VALIDATE_PRODUCT = YES;
			};
			name = Release;
		};
		CE110C882ED0EA50001D804B /* Debug */ = {
			isa = XCBuildConfiguration;
			buildSettings = {
				ASSETCATALOG_COMPILER_APPICON_NAME = AppIcon;
				ASSETCATALOG_COMPILER_GLOBAL_ACCENT_COLOR_NAME = AccentColor;
				CODE_SIGN_STYLE = Automatic;
				CURRENT_PROJECT_VERSION = 1;
				DEVELOPMENT_TEAM = 24Q9WM75S6;
				ENABLE_PREVIEWS = YES;
				GENERATE_INFOPLIST_FILE = YES;
				INFOPLIST_FILE = Inspire/Info.plist;
				INFOPLIST_KEY_UIApplicationSceneManifest_Generation = YES;
				INFOPLIST_KEY_UIApplicationSupportsIndirectInputEvents = YES;
				INFOPLIST_KEY_UILaunchScreen_Generation = YES;
				INFOPLIST_KEY_UISupportedInterfaceOrientations = UIInterfaceOrientationPortrait;
				INFOPLIST_KEY_UISupportedInterfaceOrientations_iPad = "UIInterfaceOrientationLandscapeLeft UIInterfaceOrientationLandscapeRight UIInterfaceOrientationPortrait";
				IPHONEOS_DEPLOYMENT_TARGET = 18.6;
				LD_RUNPATH_SEARCH_PATHS = (
					"$(inherited)",
					"@executable_path/Frameworks",
				);
				MARKETING_VERSION = 1.0;
				PRODUCT_BUNDLE_IDENTIFIER = AlexHalushko.Inspire;
				PRODUCT_NAME = "$(TARGET_NAME)";
				STRING_CATALOG_GENERATE_SYMBOLS = YES;
				SUPPORTED_PLATFORMS = "iphoneos iphonesimulator";
				SUPPORTS_MACCATALYST = NO;
				SUPPORTS_MAC_DESIGNED_FOR_IPHONE_IPAD = NO;
				SUPPORTS_XR_DESIGNED_FOR_IPHONE_IPAD = NO;
				SWIFT_APPROACHABLE_CONCURRENCY = YES;
				SWIFT_DEFAULT_ACTOR_ISOLATION = MainActor;
				SWIFT_EMIT_LOC_STRINGS = YES;
				SWIFT_UPCOMING_FEATURE_MEMBER_IMPORT_VISIBILITY = YES;
				SWIFT_VERSION = 5.0;
				TARGETED_DEVICE_FAMILY = 1;
			};
			name = Debug;
		};
		CE110C892ED0EA50001D804B /* Release */ = {
			isa = XCBuildConfiguration;
			buildSettings = {
				ASSETCATALOG_COMPILER_APPICON_NAME = AppIcon;
				ASSETCATALOG_COMPILER_GLOBAL_ACCENT_COLOR_NAME = AccentColor;
				CODE_SIGN_STYLE = Automatic;
				CURRENT_PROJECT_VERSION = 1;
				DEVELOPMENT_TEAM = 24Q9WM75S6;
				ENABLE_PREVIEWS = YES;
				GENERATE_INFOPLIST_FILE = YES;
				INFOPLIST_FILE = Inspire/Info.plist;
				INFOPLIST_KEY_UIApplicationSceneManifest_Generation = YES;
				INFOPLIST_KEY_UIApplicationSupportsIndirectInputEvents = YES;
				INFOPLIST_KEY_UILaunchScreen_Generation = YES;
				INFOPLIST_KEY_UISupportedInterfaceOrientations = UIInterfaceOrientationPortrait;
				INFOPLIST_KEY_UISupportedInterfaceOrientations_iPad = "UIInterfaceOrientationLandscapeLeft UIInterfaceOrientationLandscapeRight UIInterfaceOrientationPortrait";
				IPHONEOS_DEPLOYMENT_TARGET = 18.6;
				LD_RUNPATH_SEARCH_PATHS = (
					"$(inherited)",
					"@executable_path/Frameworks",
				);
				MARKETING_VERSION = 1.0;
				PRODUCT_BUNDLE_IDENTIFIER = AlexHalushko.Inspire;
				PRODUCT_NAME = "$(TARGET_NAME)";
				STRING_CATALOG_GENERATE_SYMBOLS = YES;
				SUPPORTED_PLATFORMS = "iphoneos iphonesimulator";
				SUPPORTS_MACCATALYST = NO;
				SUPPORTS_MAC_DESIGNED_FOR_IPHONE_IPAD = NO;
				SUPPORTS_XR_DESIGNED_FOR_IPHONE_IPAD = NO;
				SWIFT_APPROACHABLE_CONCURRENCY = YES;
				SWIFT_DEFAULT_ACTOR_ISOLATION = MainActor;
				SWIFT_EMIT_LOC_STRINGS = YES;
				SWIFT_UPCOMING_FEATURE_MEMBER_IMPORT_VISIBILITY = YES;
				SWIFT_VERSION = 5.0;
				TARGETED_DEVICE_FAMILY = 1;
			};
			name = Release;
		};
		CE110C8B2ED0EA50001D804B /* Debug */ = {
			isa = XCBuildConfiguration;
			buildSettings = {
				BUNDLE_LOADER = "$(TEST_HOST)";
				CODE_SIGN_STYLE = Automatic;
				CURRENT_PROJECT_VERSION = 1;
				DEVELOPMENT_TEAM = 24Q9WM75S6;
				GENERATE_INFOPLIST_FILE = YES;
				IPHONEOS_DEPLOYMENT_TARGET = 26.0;
				MARKETING_VERSION = 1.0;
				PRODUCT_BUNDLE_IDENTIFIER = AlexHalushko.InspireTests;
				PRODUCT_NAME = "$(TARGET_NAME)";
				STRING_CATALOG_GENERATE_SYMBOLS = NO;
				SWIFT_APPROACHABLE_CONCURRENCY = YES;
				SWIFT_EMIT_LOC_STRINGS = NO;
				SWIFT_UPCOMING_FEATURE_MEMBER_IMPORT_VISIBILITY = YES;
				SWIFT_VERSION = 5.0;
				TARGETED_DEVICE_FAMILY = "1,2";
				TEST_HOST = "$(BUILT_PRODUCTS_DIR)/Inspire.app/$(BUNDLE_EXECUTABLE_FOLDER_PATH)/Inspire";
			};
			name = Debug;
		};
		CE110C8C2ED0EA50001D804B /* Release */ = {
			isa = XCBuildConfiguration;
			buildSettings = {
				BUNDLE_LOADER = "$(TEST_HOST)";
				CODE_SIGN_STYLE = Automatic;
				CURRENT_PROJECT_VERSION = 1;
				DEVELOPMENT_TEAM = 24Q9WM75S6;
				GENERATE_INFOPLIST_FILE = YES;
				IPHONEOS_DEPLOYMENT_TARGET = 26.0;
				MARKETING_VERSION = 1.0;
				PRODUCT_BUNDLE_IDENTIFIER = AlexHalushko.InspireTests;
				PRODUCT_NAME = "$(TARGET_NAME)";
				STRING_CATALOG_GENERATE_SYMBOLS = NO;
				SWIFT_APPROACHABLE_CONCURRENCY = YES;
				SWIFT_EMIT_LOC_STRINGS = NO;
				SWIFT_UPCOMING_FEATURE_MEMBER_IMPORT_VISIBILITY = YES;
				SWIFT_VERSION = 5.0;
				TARGETED_DEVICE_FAMILY = "1,2";
				TEST_HOST = "$(BUILT_PRODUCTS_DIR)/Inspire.app/$(BUNDLE_EXECUTABLE_FOLDER_PATH)/Inspire";
			};
			name = Release;
		};
		CE110C8E2ED0EA50001D804B /* Debug */ = {
			isa = XCBuildConfiguration;
			buildSettings = {
				CODE_SIGN_STYLE = Automatic;
				CURRENT_PROJECT_VERSION = 1;
				DEVELOPMENT_TEAM = 24Q9WM75S6;
				GENERATE_INFOPLIST_FILE = YES;
				MARKETING_VERSION = 1.0;
				PRODUCT_BUNDLE_IDENTIFIER = AlexHalushko.InspireUITests;
				PRODUCT_NAME = "$(TARGET_NAME)";
				STRING_CATALOG_GENERATE_SYMBOLS = NO;
				SWIFT_APPROACHABLE_CONCURRENCY = YES;
				SWIFT_EMIT_LOC_STRINGS = NO;
				SWIFT_UPCOMING_FEATURE_MEMBER_IMPORT_VISIBILITY = YES;
				SWIFT_VERSION = 5.0;
				TARGETED_DEVICE_FAMILY = "1,2";
				TEST_TARGET_NAME = Inspire;
			};
			name = Debug;
		};
		CE110C8F2ED0EA50001D804B /* Release */ = {
			isa = XCBuildConfiguration;
			buildSettings = {
				CODE_SIGN_STYLE = Automatic;
				CURRENT_PROJECT_VERSION = 1;
				DEVELOPMENT_TEAM = 24Q9WM75S6;
				GENERATE_INFOPLIST_FILE = YES;
				MARKETING_VERSION = 1.0;
				PRODUCT_BUNDLE_IDENTIFIER = AlexHalushko.InspireUITests;
				PRODUCT_NAME = "$(TARGET_NAME)";
				STRING_CATALOG_GENERATE_SYMBOLS = NO;
				SWIFT_APPROACHABLE_CONCURRENCY = YES;
				SWIFT_EMIT_LOC_STRINGS = NO;
				SWIFT_UPCOMING_FEATURE_MEMBER_IMPORT_VISIBILITY = YES;
				SWIFT_VERSION = 5.0;
				TARGETED_DEVICE_FAMILY = "1,2";
				TEST_TARGET_NAME = Inspire;
			};
			name = Release;
		};
/* End XCBuildConfiguration section */

/* Begin XCConfigurationList section */
		CE110C612ED0EA4A001D804B /* Build configuration list for PBXProject "Inspire" */ = {
			isa = XCConfigurationList;
			buildConfigurations = (
				CE110C852ED0EA50001D804B /* Debug */,
				CE110C862ED0EA50001D804B /* Release */,
			);
			defaultConfigurationIsVisible = 0;
			defaultConfigurationName = Release;
		};
		CE110C872ED0EA50001D804B /* Build configuration list for PBXNativeTarget "Inspire" */ = {
			isa = XCConfigurationList;
			buildConfigurations = (
				CE110C882ED0EA50001D804B /* Debug */,
				CE110C892ED0EA50001D804B /* Release */,
			);
			defaultConfigurationIsVisible = 0;
			defaultConfigurationName = Release;
		};
		CE110C8A2ED0EA50001D804B /* Build configuration list for PBXNativeTarget "InspireTests" */ = {
			isa = XCConfigurationList;
			buildConfigurations = (
				CE110C8B2ED0EA50001D804B /* Debug */,
				CE110C8C2ED0EA50001D804B /* Release */,
			);
			defaultConfigurationIsVisible = 0;
			defaultConfigurationName = Release;
		};
		CE110C8D2ED0EA50001D804B /* Build configuration list for PBXNativeTarget "InspireUITests" */ = {
			isa = XCConfigurationList;
			buildConfigurations = (
				CE110C8E2ED0EA50001D804B /* Debug */,
				CE110C8F2ED0EA50001D804B /* Release */,
			);
			defaultConfigurationIsVisible = 0;
			defaultConfigurationName = Release;
		};
/* End XCConfigurationList section */
	};
	rootObject = CE110C5E2ED0EA4A001D804B /* Project object */;
}
